
Microsoft Visual Studio Solution File, Format Version 12.00
# Visual Studio Version 17
VisualStudioVersion = 17.11.35222.181
MinimumVisualStudioVersion = 10.0.40219.1
Project("{FAE04EC0-301F-11D3-BF4B-00C04F79EFBC}") = "Pipe", "Pipe\Pipe.csproj", "{6B3622C2-02C1-42D7-AA93-5614D79872CF}"
EndProject
Global
	GlobalSection(SolutionConfigurationPlatforms) = preSolution
		Debug|Any CPU = Debug|Any CPU
		Release|Any CPU = Release|Any CPU
	EndGlobalSection
	GlobalSection(ProjectConfigurationPlatforms) = postSolution
		{6B3622C2-02C1-42D7-AA93-5614D79872CF}.Debug|Any CPU.ActiveCfg = Debug|Any CPU
		{6B3622C2-02C1-42D7-AA93-5614D79872CF}.Debug|Any CPU.Build.0 = Debug|Any CPU
		{6B3622C2-02C1-42D7-AA93-5614D79872CF}.Release|Any CPU.ActiveCfg = Release|Any CPU
		{6B3622C2-02C1-42D7-AA93-5614D79872CF}.Release|Any CPU.Build.0 = Release|Any CPU
	EndGlobalSection
	GlobalSection(SolutionProperties) = preSolution
		HideSolutionNode = FALSE
	EndGlobalSection
	GlobalSection(ExtensibilityGlobals) = postSolution
		SolutionGuid = {F84378E7-7388-48EF-ACF3-2F2E3832A89B}
	EndGlobalSection
EndGlobal
